
Microsoft Visual Studio Solution File, Format Version 12.00
# Visual Studio Version 16
VisualStudioVersion = 16.0.30104.148
MinimumVisualStudioVersion = 10.0.40219.1
Project("{FAE04EC0-301F-11D3-BF4B-00C04F79EFBC}") = "norteParcial1VallejosChristian.web", "norteParcial1VallejosChristian.web\norteParcial1VallejosChristian.web.csproj", "{899E58F5-801E-4509-B9E3-82E3B8D53348}"
EndProject
Global
	GlobalSection(SolutionConfigurationPlatforms) = preSolution
		Debug|Any CPU = Debug|Any CPU
		Release|Any CPU = Release|Any CPU
	EndGlobalSection
	GlobalSection(ProjectConfigurationPlatforms) = postSolution
		{899E58F5-801E-4509-B9E3-82E3B8D53348}.Debug|Any CPU.ActiveCfg = Debug|Any CPU
		{899E58F5-801E-4509-B9E3-82E3B8D53348}.Debug|Any CPU.Build.0 = Debug|Any CPU
		{899E58F5-801E-4509-B9E3-82E3B8D53348}.Release|Any CPU.ActiveCfg = Release|Any CPU
		{899E58F5-801E-4509-B9E3-82E3B8D53348}.Release|Any CPU.Build.0 = Release|Any CPU
	EndGlobalSection
	GlobalSection(SolutionProperties) = preSolution
		HideSolutionNode = FALSE
	EndGlobalSection
	GlobalSection(ExtensibilityGlobals) = postSolution
		SolutionGuid = {93662719-A071-4017-908E-9C32912E09BD}
	EndGlobalSection
EndGlobal
